
Microsoft Visual Studio Solution File, Format Version 12.00
# Visual Studio Version 17
VisualStudioVersion = 17.14.37301.10 d17.14
MinimumVisualStudioVersion = 10.0.40219.1
Project("{FAE04EC0-301F-11D3-BF4B-00C04F79EFBC}") = "QuanLyPhongTro", "QuanLyPhongTro\QuanLyPhongTro.csproj", "{0FBAE07A-C5F2-4C37-AC06-588FC9472AFB}"
EndProject
Global
	GlobalSection(SolutionConfigurationPlatforms) = preSolution
		Debug|Any CPU = Debug|Any CPU
		Release|Any CPU = Release|Any CPU
	EndGlobalSection
	GlobalSection(ProjectConfigurationPlatforms) = postSolution
		{0FBAE07A-C5F2-4C37-AC06-588FC9472AFB}.Debug|Any CPU.ActiveCfg = Debug|Any CPU
		{0FBAE07A-C5F2-4C37-AC06-588FC9472AFB}.Debug|Any CPU.Build.0 = Debug|Any CPU
		{0FBAE07A-C5F2-4C37-AC06-588FC9472AFB}.Release|Any CPU.ActiveCfg = Release|Any CPU
		{0FBAE07A-C5F2-4C37-AC06-588FC9472AFB}.Release|Any CPU.Build.0 = Release|Any CPU
	EndGlobalSection
	GlobalSection(SolutionProperties) = preSolution
		HideSolutionNode = FALSE
	EndGlobalSection
	GlobalSection(ExtensibilityGlobals) = postSolution
		SolutionGuid = {3E54ACA3-54A1-4AA1-AFB1-3B9CBBD614B9}
	EndGlobalSection
EndGlobal
